
Microsoft Visual Studio Solution File, Format Version 12.00
# Visual Studio Version 17
VisualStudioVersion = 17.5.33502.453
MinimumVisualStudioVersion = 10.0.40219.1
Project("{9A19103F-16F7-4668-BE54-9A1E7A4F7556}") = "AdventOfBlazor.BlazorClient", "AdventOfBlazor.BlazorClient\AdventOfBlazor.BlazorClient.csproj", "{18D27931-0960-43F3-9A7F-258BF228D694}"
EndProject
Project("{9A19103F-16F7-4668-BE54-9A1E7A4F7556}") = "AdventOfBlazor.Puzzles", "AdventOfBlazor.Puzzles\AdventOfBlazor.Puzzles.csproj", "{5DB548D2-D5E4-4D01-A39A-2C5A92221503}"
EndProject
Project("{9A19103F-16F7-4668-BE54-9A1E7A4F7556}") = "AdventOfBlazor.Puzzles.Tests", "AdventOfBlazor.Puzzles.Tests\TestProject1\AdventOfBlazor.Puzzles.Tests.csproj", "{913D81FB-3ECB-40A7-9DE9-C86966EF2AA6}"
EndProject
Global
	GlobalSection(SolutionConfigurationPlatforms) = preSolution
		Debug|Any CPU = Debug|Any CPU
		Release|Any CPU = Release|Any CPU
	EndGlobalSection
	GlobalSection(ProjectConfigurationPlatforms) = postSolution
		{18D27931-0960-43F3-9A7F-258BF228D694}.Debug|Any CPU.ActiveCfg = Debug|Any CPU
		{18D27931-0960-43F3-9A7F-258BF228D694}.Debug|Any CPU.Build.0 = Debug|Any CPU
		{18D27931-0960-43F3-9A7F-258BF228D694}.Release|Any CPU.ActiveCfg = Release|Any CPU
		{18D27931-0960-43F3-9A7F-258BF228D694}.Release|Any CPU.Build.0 = Release|Any CPU
		{5DB548D2-D5E4-4D01-A39A-2C5A92221503}.Debug|Any CPU.ActiveCfg = Debug|Any CPU
		{5DB548D2-D5E4-4D01-A39A-2C5A92221503}.Debug|Any CPU.Build.0 = Debug|Any CPU
		{5DB548D2-D5E4-4D01-A39A-2C5A92221503}.Release|Any CPU.ActiveCfg = Release|Any CPU
		{5DB548D2-D5E4-4D01-A39A-2C5A92221503}.Release|Any CPU.Build.0 = Release|Any CPU
		{913D81FB-3ECB-40A7-9DE9-C86966EF2AA6}.Debug|Any CPU.ActiveCfg = Debug|Any CPU
		{913D81FB-3ECB-40A7-9DE9-C86966EF2AA6}.Debug|Any CPU.Build.0 = Debug|Any CPU
		{913D81FB-3ECB-40A7-9DE9-C86966EF2AA6}.Release|Any CPU.ActiveCfg = Release|Any CPU
		{913D81FB-3ECB-40A7-9DE9-C86966EF2AA6}.Release|Any CPU.Build.0 = Release|Any CPU
	EndGlobalSection
	GlobalSection(SolutionProperties) = preSolution
		HideSolutionNode = FALSE
	EndGlobalSection
	GlobalSection(ExtensibilityGlobals) = postSolution
		SolutionGuid = {C6B3E00B-3625-4C43-9FD7-CF32B8FB92E0}
	EndGlobalSection
EndGlobal
